{
  "name": "formulario-de-vacaciones",
  "lockfileVersion": 3,
  "requires": true,
  "packages": {
    "": {
      "name": "formulario-de-vacaciones",
      "dependencies": {
        "@vercel/edge": "^1.2.1"
      }
    },
    "node_modules/@vercel/edge": {
      "version": "1.3.2",
      "resolved": "https://registry.npmjs.org/@vercel/edge/-/edge-1.3.2.tgz",
      "integrity": "sha512-bpeHqawJ931YujN2OxcOfknQPem0pvTofpLmfGMvlcSW0FMDLEog+NKNIez3YRkr9aVIIKKyMzozmmg3UtWqEA==",
      "license": "Apache-2.0"
    }
  }
}
